
Microsoft Visual Studio Solution File, Format Version 12.00
# Visual Studio Version 17
VisualStudioVersion = 17.1.31911.260
MinimumVisualStudioVersion = 10.0.40219.1
Project("{2150E333-8FDC-42A3-9474-1A3956D46DE8}") = "10 Libraries", "10 Libraries", "{FFD0F1A3-69EA-4CB2-9E1F-83CC73A50974}"
EndProject
Project("{2150E333-8FDC-42A3-9474-1A3956D46DE8}") = "20 Data", "20 Data", "{BB6B4C80-90A4-4AC0-9186-A1107D02238C}"
EndProject
Project("{2150E333-8FDC-42A3-9474-1A3956D46DE8}") = "30 Services", "30 Services", "{866CF05A-B615-4746-87CB-946142AC1D4C}"
EndProject
Project("{9A19103F-16F7-4668-BE54-9A1E7A4F7556}") = "CG.Ivory.Host", "Services\CG.Ivory.Host\CG.Ivory.Host.csproj", "{7601493B-C8C1-43F4-90DB-B63B44A97842}"
EndProject
Project("{9A19103F-16F7-4668-BE54-9A1E7A4F7556}") = "CG.Ivory.Data", "Data\CG.Ivory.Data\CG.Ivory.Data.csproj", "{23ECF6DD-5ECE-49BF-B3A6-14F092555F38}"
EndProject
Project("{9A19103F-16F7-4668-BE54-9A1E7A4F7556}") = "CG.Ivory.Data.Sqlite", "Data\CG.Ivory.Data.Sqlite\CG.Ivory.Data.Sqlite.csproj", "{D0CF6800-9C62-4768-A9C1-4C5E21BEC53C}"
EndProject
Project("{9A19103F-16F7-4668-BE54-9A1E7A4F7556}") = "CG.Ivory.Data.SqlServer", "Data\CG.Ivory.Data.SqlServer\CG.Ivory.Data.SqlServer.csproj", "{60E8BCAC-1D73-4844-A96C-865CF194C317}"
EndProject
Project("{9A19103F-16F7-4668-BE54-9A1E7A4F7556}") = "CG.Ivory.Data.InMemory", "Data\CG.Ivory.Data.InMemory\CG.Ivory.Data.InMemory.csproj", "{5A99F684-46F5-4438-9751-ECFB6237ABEC}"
EndProject
Project("{9A19103F-16F7-4668-BE54-9A1E7A4F7556}") = "CG.Ivory.Primitives", "Libraries\CG.Ivory.Primitives\CG.Ivory.Primitives.csproj", "{FA044BE3-9595-47D2-A7CC-A57B777AC50C}"
EndProject
Project("{9A19103F-16F7-4668-BE54-9A1E7A4F7556}") = "CG.Ivory.Abstractions", "Libraries\CG.Ivory.Abstractions\CG.Ivory.Abstractions.csproj", "{B5C9A716-B7EA-4945-A5F9-26D7EA01FC89}"
EndProject
Project("{9A19103F-16F7-4668-BE54-9A1E7A4F7556}") = "CG.Ivory", "Libraries\CG.Ivory\CG.Ivory.csproj", "{BD06BC7F-03FF-4797-A700-A0EAAB43D2AE}"
EndProject
Global
	GlobalSection(SolutionConfigurationPlatforms) = preSolution
		Debug|Any CPU = Debug|Any CPU
		Release|Any CPU = Release|Any CPU
	EndGlobalSection
	GlobalSection(ProjectConfigurationPlatforms) = postSolution
		{7601493B-C8C1-43F4-90DB-B63B44A97842}.Debug|Any CPU.ActiveCfg = Debug|Any CPU
		{7601493B-C8C1-43F4-90DB-B63B44A97842}.Debug|Any CPU.Build.0 = Debug|Any CPU
		{7601493B-C8C1-43F4-90DB-B63B44A97842}.Release|Any CPU.ActiveCfg = Release|Any CPU
		{7601493B-C8C1-43F4-90DB-B63B44A97842}.Release|Any CPU.Build.0 = Release|Any CPU
		{23ECF6DD-5ECE-49BF-B3A6-14F092555F38}.Debug|Any CPU.ActiveCfg = Debug|Any CPU
		{23ECF6DD-5ECE-49BF-B3A6-14F092555F38}.Debug|Any CPU.Build.0 = Debug|Any CPU
		{23ECF6DD-5ECE-49BF-B3A6-14F092555F38}.Release|Any CPU.ActiveCfg = Release|Any CPU
		{23ECF6DD-5ECE-49BF-B3A6-14F092555F38}.Release|Any CPU.Build.0 = Release|Any CPU
		{D0CF6800-9C62-4768-A9C1-4C5E21BEC53C}.Debug|Any CPU.ActiveCfg = Debug|Any CPU
		{D0CF6800-9C62-4768-A9C1-4C5E21BEC53C}.Debug|Any CPU.Build.0 = Debug|Any CPU
		{D0CF6800-9C62-4768-A9C1-4C5E21BEC53C}.Release|Any CPU.ActiveCfg = Release|Any CPU
		{D0CF6800-9C62-4768-A9C1-4C5E21BEC53C}.Release|Any CPU.Build.0 = Release|Any CPU
		{60E8BCAC-1D73-4844-A96C-865CF194C317}.Debug|Any CPU.ActiveCfg = Debug|Any CPU
		{60E8BCAC-1D73-4844-A96C-865CF194C317}.Debug|Any CPU.Build.0 = Debug|Any CPU
		{60E8BCAC-1D73-4844-A96C-865CF194C317}.Release|Any CPU.ActiveCfg = Release|Any CPU
		{60E8BCAC-1D73-4844-A96C-865CF194C317}.Release|Any CPU.Build.0 = Release|Any CPU
		{5A99F684-46F5-4438-9751-ECFB6237ABEC}.Debug|Any CPU.ActiveCfg = Debug|Any CPU
		{5A99F684-46F5-4438-9751-ECFB6237ABEC}.Debug|Any CPU.Build.0 = Debug|Any CPU
		{5A99F684-46F5-4438-9751-ECFB6237ABEC}.Release|Any CPU.ActiveCfg = Release|Any CPU
		{5A99F684-46F5-4438-9751-ECFB6237ABEC}.Release|Any CPU.Build.0 = Release|Any CPU
		{FA044BE3-9595-47D2-A7CC-A57B777AC50C}.Debug|Any CPU.ActiveCfg = Debug|Any CPU
		{FA044BE3-9595-47D2-A7CC-A57B777AC50C}.Debug|Any CPU.Build.0 = Debug|Any CPU
		{FA044BE3-9595-47D2-A7CC-A57B777AC50C}.Release|Any CPU.ActiveCfg = Release|Any CPU
		{FA044BE3-9595-47D2-A7CC-A57B777AC50C}.Release|Any CPU.Build.0 = Release|Any CPU
		{B5C9A716-B7EA-4945-A5F9-26D7EA01FC89}.Debug|Any CPU.ActiveCfg = Debug|Any CPU
		{B5C9A716-B7EA-4945-A5F9-26D7EA01FC89}.Debug|Any CPU.Build.0 = Debug|Any CPU
		{B5C9A716-B7EA-4945-A5F9-26D7EA01FC89}.Release|Any CPU.ActiveCfg = Release|Any CPU
		{B5C9A716-B7EA-4945-A5F9-26D7EA01FC89}.Release|Any CPU.Build.0 = Release|Any CPU
		{BD06BC7F-03FF-4797-A700-A0EAAB43D2AE}.Debug|Any CPU.ActiveCfg = Debug|Any CPU
		{BD06BC7F-03FF-4797-A700-A0EAAB43D2AE}.Debug|Any CPU.Build.0 = Debug|Any CPU
		{BD06BC7F-03FF-4797-A700-A0EAAB43D2AE}.Release|Any CPU.ActiveCfg = Release|Any CPU
		{BD06BC7F-03FF-4797-A700-A0EAAB43D2AE}.Release|Any CPU.Build.0 = Release|Any CPU
	EndGlobalSection
	GlobalSection(SolutionProperties) = preSolution
		HideSolutionNode = FALSE
	EndGlobalSection
	GlobalSection(NestedProjects) = preSolution
		{7601493B-C8C1-43F4-90DB-B63B44A97842} = {866CF05A-B615-4746-87CB-946142AC1D4C}
		{23ECF6DD-5ECE-49BF-B3A6-14F092555F38} = {BB6B4C80-90A4-4AC0-9186-A1107D02238C}
		{D0CF6800-9C62-4768-A9C1-4C5E21BEC53C} = {BB6B4C80-90A4-4AC0-9186-A1107D02238C}
		{60E8BCAC-1D73-4844-A96C-865CF194C317} = {BB6B4C80-90A4-4AC0-9186-A1107D02238C}
		{5A99F684-46F5-4438-9751-ECFB6237ABEC} = {BB6B4C80-90A4-4AC0-9186-A1107D02238C}
		{FA044BE3-9595-47D2-A7CC-A57B777AC50C} = {FFD0F1A3-69EA-4CB2-9E1F-83CC73A50974}
		{B5C9A716-B7EA-4945-A5F9-26D7EA01FC89} = {FFD0F1A3-69EA-4CB2-9E1F-83CC73A50974}
		{BD06BC7F-03FF-4797-A700-A0EAAB43D2AE} = {FFD0F1A3-69EA-4CB2-9E1F-83CC73A50974}
	EndGlobalSection
	GlobalSection(ExtensibilityGlobals) = postSolution
		SolutionGuid = {EEC32BA8-889C-4B43-9C02-A0A4AA7DFE38}
	EndGlobalSection
EndGlobal
